
Microsoft Visual Studio Solution File, Format Version 12.00
# Visual Studio Version 17
VisualStudioVersion = 17.0.32014.148
MinimumVisualStudioVersion = 10.0.40219.1
Project("{FAE04EC0-301F-11D3-BF4B-00C04F79EFBC}") = "Eye20Rule", "Eye20Rule\Eye20Rule.csproj", "{166D65EE-6D22-4DA7-B5FD-9687218D083D}"
EndProject
Global
	GlobalSection(SolutionConfigurationPlatforms) = preSolution
		Debug|Any CPU = Debug|Any CPU
		Release|Any CPU = Release|Any CPU
	EndGlobalSection
	GlobalSection(ProjectConfigurationPlatforms) = postSolution
		{166D65EE-6D22-4DA7-B5FD-9687218D083D}.Debug|Any CPU.ActiveCfg = Debug|Any CPU
		{166D65EE-6D22-4DA7-B5FD-9687218D083D}.Debug|Any CPU.Build.0 = Debug|Any CPU
		{166D65EE-6D22-4DA7-B5FD-9687218D083D}.Release|Any CPU.ActiveCfg = Release|Any CPU
		{166D65EE-6D22-4DA7-B5FD-9687218D083D}.Release|Any CPU.Build.0 = Release|Any CPU
	EndGlobalSection
	GlobalSection(SolutionProperties) = preSolution
		HideSolutionNode = FALSE
	EndGlobalSection
	GlobalSection(ExtensibilityGlobals) = postSolution
		SolutionGuid = {1079287C-3079-46EC-AB7C-A8F85BE9749C}
	EndGlobalSection
EndGlobal
